
Microsoft Visual Studio Solution File, Format Version 12.00
# Visual Studio Version 17
VisualStudioVersion = 17.11.35312.102
MinimumVisualStudioVersion = 10.0.40219.1
Project("{FAE04EC0-301F-11D3-BF4B-00C04F79EFBC}") = "DotnetTDDTest.API", "DotnetTDDTest.API\DotnetTDDTest.API.csproj", "{F5122033-80EB-41B6-8212-C51E4144CAD0}"
EndProject
Project("{FAE04EC0-301F-11D3-BF4B-00C04F79EFBC}") = "DotnetTDDTest.Test", "DotnetTDDTest.Test\DotnetTDDTest.Test.csproj", "{43A38F77-1258-4BF5-B0A0-4A21AA950EC5}"
EndProject
Global
	GlobalSection(SolutionConfigurationPlatforms) = preSolution
		Debug|Any CPU = Debug|Any CPU
		Release|Any CPU = Release|Any CPU
	EndGlobalSection
	GlobalSection(ProjectConfigurationPlatforms) = postSolution
		{F5122033-80EB-41B6-8212-C51E4144CAD0}.Debug|Any CPU.ActiveCfg = Debug|Any CPU
		{F5122033-80EB-41B6-8212-C51E4144CAD0}.Debug|Any CPU.Build.0 = Debug|Any CPU
		{F5122033-80EB-41B6-8212-C51E4144CAD0}.Release|Any CPU.ActiveCfg = Release|Any CPU
		{F5122033-80EB-41B6-8212-C51E4144CAD0}.Release|Any CPU.Build.0 = Release|Any CPU
		{43A38F77-1258-4BF5-B0A0-4A21AA950EC5}.Debug|Any CPU.ActiveCfg = Debug|Any CPU
		{43A38F77-1258-4BF5-B0A0-4A21AA950EC5}.Debug|Any CPU.Build.0 = Debug|Any CPU
		{43A38F77-1258-4BF5-B0A0-4A21AA950EC5}.Release|Any CPU.ActiveCfg = Release|Any CPU
		{43A38F77-1258-4BF5-B0A0-4A21AA950EC5}.Release|Any CPU.Build.0 = Release|Any CPU
	EndGlobalSection
	GlobalSection(SolutionProperties) = preSolution
		HideSolutionNode = FALSE
	EndGlobalSection
	GlobalSection(ExtensibilityGlobals) = postSolution
		SolutionGuid = {600461AC-7F3D-4D84-B119-7F1E669F7D93}
	EndGlobalSection
EndGlobal
